
Microsoft Visual Studio Solution File, Format Version 12.00
# Visual Studio Version 17
VisualStudioVersion = 17.2.32630.192
MinimumVisualStudioVersion = 10.0.40219.1
Project("{FAE04EC0-301F-11D3-BF4B-00C04F79EFBC}") = "ConsoleApp2", "ConsoleApp2\ConsoleApp2.csproj", "{64B242CD-63DF-462A-8763-1987AB7C3F03}"
EndProject
Global
	GlobalSection(SolutionConfigurationPlatforms) = preSolution
		Debug|Any CPU = Debug|Any CPU
		Release|Any CPU = Release|Any CPU
	EndGlobalSection
	GlobalSection(ProjectConfigurationPlatforms) = postSolution
		{64B242CD-63DF-462A-8763-1987AB7C3F03}.Debug|Any CPU.ActiveCfg = Debug|Any CPU
		{64B242CD-63DF-462A-8763-1987AB7C3F03}.Debug|Any CPU.Build.0 = Debug|Any CPU
		{64B242CD-63DF-462A-8763-1987AB7C3F03}.Release|Any CPU.ActiveCfg = Release|Any CPU
		{64B242CD-63DF-462A-8763-1987AB7C3F03}.Release|Any CPU.Build.0 = Release|Any CPU
	EndGlobalSection
	GlobalSection(SolutionProperties) = preSolution
		HideSolutionNode = FALSE
	EndGlobalSection
	GlobalSection(ExtensibilityGlobals) = postSolution
		SolutionGuid = {12AE4CF3-AAE8-475D-9989-43415EFC4EE3}
	EndGlobalSection
EndGlobal
