
Microsoft Visual Studio Solution File, Format Version 12.00
# Visual Studio Version 17
VisualStudioVersion = 17.2.32630.192
MinimumVisualStudioVersion = 10.0.40219.1
Project("{FAE04EC0-301F-11D3-BF4B-00C04F79EFBC}") = "ConsoleApp13", "ConsoleApp13\ConsoleApp13.csproj", "{DE0B4C0E-3C06-4278-8952-FDFFAC1B876C}"
EndProject
Global
	GlobalSection(SolutionConfigurationPlatforms) = preSolution
		Debug|Any CPU = Debug|Any CPU
		Release|Any CPU = Release|Any CPU
	EndGlobalSection
	GlobalSection(ProjectConfigurationPlatforms) = postSolution
		{DE0B4C0E-3C06-4278-8952-FDFFAC1B876C}.Debug|Any CPU.ActiveCfg = Debug|Any CPU
		{DE0B4C0E-3C06-4278-8952-FDFFAC1B876C}.Debug|Any CPU.Build.0 = Debug|Any CPU
		{DE0B4C0E-3C06-4278-8952-FDFFAC1B876C}.Release|Any CPU.ActiveCfg = Release|Any CPU
		{DE0B4C0E-3C06-4278-8952-FDFFAC1B876C}.Release|Any CPU.Build.0 = Release|Any CPU
	EndGlobalSection
	GlobalSection(SolutionProperties) = preSolution
		HideSolutionNode = FALSE
	EndGlobalSection
	GlobalSection(ExtensibilityGlobals) = postSolution
		SolutionGuid = {4C062FAF-84DA-42FB-AFBB-0878C575E06A}
	EndGlobalSection
EndGlobal
