
Microsoft Visual Studio Solution File, Format Version 12.00
# Visual Studio Version 17
VisualStudioVersion = 17.2.32630.192
MinimumVisualStudioVersion = 10.0.40219.1
Project("{FAE04EC0-301F-11D3-BF4B-00C04F79EFBC}") = "ConsoleApp1", "ConsoleApp1\ConsoleApp1.csproj", "{51B58B87-16FB-4CA4-9D6F-473C508BCFFC}"
EndProject
Global
	GlobalSection(SolutionConfigurationPlatforms) = preSolution
		Debug|Any CPU = Debug|Any CPU
		Release|Any CPU = Release|Any CPU
	EndGlobalSection
	GlobalSection(ProjectConfigurationPlatforms) = postSolution
		{51B58B87-16FB-4CA4-9D6F-473C508BCFFC}.Debug|Any CPU.ActiveCfg = Debug|Any CPU
		{51B58B87-16FB-4CA4-9D6F-473C508BCFFC}.Debug|Any CPU.Build.0 = Debug|Any CPU
		{51B58B87-16FB-4CA4-9D6F-473C508BCFFC}.Release|Any CPU.ActiveCfg = Release|Any CPU
		{51B58B87-16FB-4CA4-9D6F-473C508BCFFC}.Release|Any CPU.Build.0 = Release|Any CPU
	EndGlobalSection
	GlobalSection(SolutionProperties) = preSolution
		HideSolutionNode = FALSE
	EndGlobalSection
	GlobalSection(ExtensibilityGlobals) = postSolution
		SolutionGuid = {A1D34CC1-07BB-42DA-9A3D-8AE221EFB722}
	EndGlobalSection
EndGlobal
