
Microsoft Visual Studio Solution File, Format Version 12.00
# Visual Studio Version 17
VisualStudioVersion = 17.2.32630.192
MinimumVisualStudioVersion = 10.0.40219.1
Project("{FAE04EC0-301F-11D3-BF4B-00C04F79EFBC}") = "ConsoleApp9", "ConsoleApp9\ConsoleApp9.csproj", "{E9FEF0B1-8840-4803-846D-44C396247934}"
EndProject
Global
	GlobalSection(SolutionConfigurationPlatforms) = preSolution
		Debug|Any CPU = Debug|Any CPU
		Release|Any CPU = Release|Any CPU
	EndGlobalSection
	GlobalSection(ProjectConfigurationPlatforms) = postSolution
		{E9FEF0B1-8840-4803-846D-44C396247934}.Debug|Any CPU.ActiveCfg = Debug|Any CPU
		{E9FEF0B1-8840-4803-846D-44C396247934}.Debug|Any CPU.Build.0 = Debug|Any CPU
		{E9FEF0B1-8840-4803-846D-44C396247934}.Release|Any CPU.ActiveCfg = Release|Any CPU
		{E9FEF0B1-8840-4803-846D-44C396247934}.Release|Any CPU.Build.0 = Release|Any CPU
	EndGlobalSection
	GlobalSection(SolutionProperties) = preSolution
		HideSolutionNode = FALSE
	EndGlobalSection
	GlobalSection(ExtensibilityGlobals) = postSolution
		SolutionGuid = {E6FBC310-7390-4D7B-8131-E201EF2BC764}
	EndGlobalSection
EndGlobal
